PODS:
  - Alamofire (4.9.0)
  - Differentiator (4.0.1)
  - Moya (13.0.1):
    - Moya/Core (= 13.0.1)
  - Moya-ObjectMapper (2.8):
    - Moya-ObjectMapper/Core (= 2.8)
  - Moya-ObjectMapper/Core (2.8):
    - Moya (~> 13.0.1)
    - ObjectMapper (~> 3.0)
  - Moya-ObjectMapper/RxSwift (2.8):
    - Moya-ObjectMapper/Core
    - RxSwift (~> 5.0.0)
  - Moya/Core (13.0.1):
    - Alamofire (~> 4.1)
    - Result (~> 4.1)
  - ObjectMapper (3.5.1)
  - Result (4.1.0)
  - RxAlertController (5.0.0):
    - RxSwift (~> 5.0)
  - RxCocoa (5.0.0):
    - RxRelay (~> 5)
    - RxSwift (~> 5)
  - RxDataSources (4.0.1):
    - Differentiator (~> 4.0)
    - RxCocoa (~> 5.0)
    - RxSwift (~> 5.0)
  - RxRelay (5.0.0):
    - RxSwift (~> 5)
  - RxSwift (5.0.0)

DEPENDENCIES:
  - Moya (~> 13.0.1)
  - Moya-ObjectMapper (from `../`)
  - Moya-ObjectMapper/RxSwift (from `../`)
  - ObjectMapper (~> 3.5)
  - RxAlertController (~> 5.0.0)
  - RxCocoa (~> 5.0.0)
  - RxDataSources (~> 4.0.0)
  - RxSwift (~> 5.0.0)

SPEC REPOS:
  https://github.com/CocoaPods/Specs.git:
    - Alamofire
    - Differentiator
    - Moya
    - ObjectMapper
    - Result
    - RxAlertController
    - RxCocoa
    - RxDataSources
    - RxRelay
    - RxSwift

EXTERNAL SOURCES:
  Moya-ObjectMapper:
    :path: "../"

SPEC CHECKSUMS:
  Alamofire: afc3e7c6db61476cb45cdd23fed06bad03bbc321
  Differentiator: 886080237d9f87f322641dedbc5be257061b0602
  Moya: f4a4b80ff2f8a4ffc208dfb31cd91636622fee6e
  Moya-ObjectMapper: 7453c5e4e67068e97dc1241847e4132cf94ee24e
  ObjectMapper: 70187b8941977c62ccfb423caf6b50be405cabf0
  Result: bd966fac789cc6c1563440b348ab2598cc24d5c7
  RxAlertController: ef75925a2a002f0f1fd03378ddeceaa9c1c5558f
  RxCocoa: fcf32050ac00d801f34a7f71d5e8e7f23026dcd8
  RxDataSources: efee07fa4de48477eca0a4611e6d11e2da9c1114
  RxRelay: 4f7409406a51a55cd88483f21ed898c234d60f18
  RxSwift: 8b0671caa829a763bbce7271095859121cbd895f

PODFILE CHECKSUM: 7bb65d9edc2370b68365ecef6b70d5b9b7a70cd6

COCOAPODS: 1.8.4
